// !$*UTF8*$!
{
	archiveVersion = 1;
	classes = {
	};
	objectVersion = 45;
	objects = {

/* Begin PBXBuildFile section */
		1D3623260D0F684500981E51 /* RDPPrototypeAppDelegate.m in Sources */ = {isa = PBXBuildFile; fileRef = 1D3623250D0F684500981E51 /* RDPPrototypeAppDelegate.m */; };
		1D60589B0D05DD56006BFB54 /* main.m in Sources */ = {isa = PBXBuildFile; fileRef = 29B97316FDCFA39411CA2CEA /* main.m */; };
		1D60589F0D05DD5A006BFB54 /* Foundation.framework in Frameworks */ = {isa = PBXBuildFile; fileRef = 1D30AB110D05D00D00671497 /* Foundation.framework */; };
		1DF5F4E00D08C38300B7A737 /* UIKit.framework in Frameworks */ = {isa = PBXBuildFile; fileRef = 1DF5F4DF0D08C38300B7A737 /* UIKit.framework */; };
		288765A50DF7441C002DB57D /* CoreGraphics.framework in Frameworks */ = {isa = PBXBuildFile; fileRef = 288765A40DF7441C002DB57D /* CoreGraphics.framework */; };
		2899E5220DE3E06400AC0155 /* RDPPrototypeViewController.xib in Resources */ = {isa = PBXBuildFile; fileRef = 2899E5210DE3E06400AC0155 /* RDPPrototypeViewController.xib */; };
		28AD733F0D9D9553002E5188 /* MainWindow.xib in Resources */ = {isa = PBXBuildFile; fileRef = 28AD733E0D9D9553002E5188 /* MainWindow.xib */; };
		28D7ACF80DDB3853001CB0EB /* RDPPrototypeViewController.m in Sources */ = {isa = PBXBuildFile; fileRef = 28D7ACF70DDB3853001CB0EB /* RDPPrototypeViewController.m */; };
		3E4950FA135F08B600F7FD1C /* GlobalConstants.m in Sources */ = {isa = PBXBuildFile; fileRef = 3E4950F9135F08B600F7FD1C /* GlobalConstants.m */; };
		3E5582B112856DE600AB8CDF /* NetworkCommunicator.m in Sources */ = {isa = PBXBuildFile; fileRef = 3E5582B012856DE600AB8CDF /* NetworkCommunicator.m */; };
		3E5582C81285700900AB8CDF /* NSStreamAdditions.m in Sources */ = {isa = PBXBuildFile; fileRef = 3E5582C71285700900AB8CDF /* NSStreamAdditions.m */; };
		3EF654BD132909A100F00E5E /* tmpresult.jpg in Resources */ = {isa = PBXBuildFile; fileRef = 3EF654BC132909A100F00E5E /* tmpresult.jpg */; };
		7A1468A11300DD770002F3A2 /* Windows.png in Resources */ = {isa = PBXBuildFile; fileRef = 7A1468A01300DD770002F3A2 /* Windows.png */; };
		7A6C95FF13533F4400862838 /* help back groundt.png in Resources */ = {isa = PBXBuildFile; fileRef = 7A6C95FE13533F4400862838 /* help back groundt.png */; };
		7A829B351352805E00C88F6B /* HelpPage.m in Sources */ = {isa = PBXBuildFile; fileRef = 7A829B331352805E00C88F6B /* HelpPage.m */; };
		7A829B361352805E00C88F6B /* HelpPage.xib in Resources */ = {isa = PBXBuildFile; fileRef = 7A829B341352805E00C88F6B /* HelpPage.xib */; };
		7A8BEC8612E5E44B0064BFBE /* TouchViewController.xib in Resources */ = {isa = PBXBuildFile; fileRef = 7A8BEC8412E5E44B0064BFBE /* TouchViewController.xib */; };
		7A922C9512FD106A0082D352 /* rotation.png in Resources */ = {isa = PBXBuildFile; fileRef = 7A922C9412FD106A0082D352 /* rotation.png */; };
		7A922C9712FD10780082D352 /* swipe.png in Resources */ = {isa = PBXBuildFile; fileRef = 7A922C9612FD10780082D352 /* swipe.png */; };
		7AAB737113452869003A2A60 /* configurationicon.jpg in Resources */ = {isa = PBXBuildFile; fileRef = 7AAB737013452869003A2A60 /* configurationicon.jpg */; };
		7AB4E663135F4A7400EB0B9C /* tap-1.png in Resources */ = {isa = PBXBuildFile; fileRef = 7AB4E662135F4A7400EB0B9C /* tap-1.png */; };
		7AB9F86E13531F9500B71D74 /* core.png in Resources */ = {isa = PBXBuildFile; fileRef = 7AB9F86D13531F9500B71D74 /* core.png */; };
		7AB9F8701353207000B71D74 /* tap.png in Resources */ = {isa = PBXBuildFile; fileRef = 7AB9F86F1353207000B71D74 /* tap.png */; };
		7AB9F8721353278000B71D74 /* two finger pinch.png in Resources */ = {isa = PBXBuildFile; fileRef = 7AB9F8711353277F00B71D74 /* two finger pinch.png */; };
		7AB9F8741353282900B71D74 /* scroll.png in Resources */ = {isa = PBXBuildFile; fileRef = 7AB9F8731353282900B71D74 /* scroll.png */; };
		7AB9F8761353297B00B71D74 /* optional.png in Resources */ = {isa = PBXBuildFile; fileRef = 7AB9F8751353297B00B71D74 /* optional.png */; };
		7AB9F87813532A0800B71D74 /* Three Finger Swap Horizongtal.png in Resources */ = {isa = PBXBuildFile; fileRef = 7AB9F87713532A0800B71D74 /* Three Finger Swap Horizongtal.png */; };
		7AB9F87A13532A1700B71D74 /* three finger swip horizongtal.png in Resources */ = {isa = PBXBuildFile; fileRef = 7AB9F87913532A1700B71D74 /* three finger swip horizongtal.png */; };
		7AB9F87C13532A2400B71D74 /* three finger swip.png in Resources */ = {isa = PBXBuildFile; fileRef = 7AB9F87B13532A2400B71D74 /* three finger swip.png */; };
		7AB9F87E13532BD500B71D74 /* Long Press.png in Resources */ = {isa = PBXBuildFile; fileRef = 7AB9F87D13532BD500B71D74 /* Long Press.png */; };
		7ADD06A51305AD7400D153CC /* ConfigurationModal.m in Sources */ = {isa = PBXBuildFile; fileRef = 7ADD06A31305AD7400D153CC /* ConfigurationModal.m */; };
		7ADD06DD1305B89D00D153CC /* TouchViewController.m in Sources */ = {isa = PBXBuildFile; fileRef = 7ADD06DC1305B89D00D153CC /* TouchViewController.m */; };
		7ADD06E41305B8DC00D153CC /* ConfigurationModal.xib in Resources */ = {isa = PBXBuildFile; fileRef = 7ADD06E31305B8DC00D153CC /* ConfigurationModal.xib */; };
		F73239F512D1AC860031EB24 /* Microsoft_Silverlight.png in Resources */ = {isa = PBXBuildFile; fileRef = F73239F412D1AC860031EB24 /* Microsoft_Silverlight.png */; };
		F7F5E04A1285880C0070AE03 /* RDPCore.m in Sources */ = {isa = PBXBuildFile; fileRef = F7F5E0491285880C0070AE03 /* RDPCore.m */; };
		F7F8C62112A247A300FC4E29 /* VNCCore.m in Sources */ = {isa = PBXBuildFile; fileRef = F7F8C62012A247A300FC4E29 /* VNCCore.m */; };
/* End PBXBuildFile section */

/* Begin PBXFileReference section */
		1D30AB110D05D00D00671497 /* Foundation.framework */ = {isa = PBXFileReference; lastKnownFileType = wrapper.framework; name = Foundation.framework; path = System/Library/Frameworks/Foundation.framework; sourceTree = SDKROOT; };
		1D3623240D0F684500981E51 /* RDPPrototypeAppDelegate.h */ = {isa = PBXFileReference; fileEncoding = 4; lastKnownFileType = sourcecode.c.h; path = RDPPrototypeAppDelegate.h; sourceTree = "<group>"; };
		1D3623250D0F684500981E51 /* RDPPrototypeAppDelegate.m */ = {isa = PBXFileReference; fileEncoding = 4; lastKnownFileType = sourcecode.c.objc; path = RDPPrototypeAppDelegate.m; sourceTree = "<group>"; };
		1D6058910D05DD3D006BFB54 /* RDPPrototype.app */ = {isa = PBXFileReference; explicitFileType = wrapper.application; includeInIndex = 0; path = RDPPrototype.app; sourceTree = BUILT_PRODUCTS_DIR; };
		1DF5F4DF0D08C38300B7A737 /* UIKit.framework */ = {isa = PBXFileReference; lastKnownFileType = wrapper.framework; name = UIKit.framework; path = System/Library/Frameworks/UIKit.framework; sourceTree = SDKROOT; };
		288765A40DF7441C002DB57D /* CoreGraphics.framework */ = {isa = PBXFileReference; lastKnownFileType = wrapper.framework; name = CoreGraphics.framework; path = System/Library/Frameworks/CoreGraphics.framework; sourceTree = SDKROOT; };
		2899E5210DE3E06400AC0155 /* RDPPrototypeViewController.xib */ = {isa = PBXFileReference; lastKnownFileType = file.xib; path = RDPPrototypeViewController.xib; sourceTree = "<group>"; };
		28AD733E0D9D9553002E5188 /* MainWindow.xib */ = {isa = PBXFileReference; lastKnownFileType = file.xib; path = MainWindow.xib; sourceTree = "<group>"; };
		28D7ACF60DDB3853001CB0EB /* RDPPrototypeViewController.h */ = {isa = PBXFileReference; fileEncoding = 4; lastKnownFileType = sourcecode.c.h; path = RDPPrototypeViewController.h; sourceTree = "<group>"; };
		28D7ACF70DDB3853001CB0EB /* RDPPrototypeViewController.m */ = {isa = PBXFileReference; fileEncoding = 4; lastKnownFileType = sourcecode.c.objc; path = RDPPrototypeViewController.m; sourceTree = "<group>"; };
		29B97316FDCFA39411CA2CEA /* main.m */ = {isa = PBXFileReference; fileEncoding = 4; lastKnownFileType = sourcecode.c.objc; path = main.m; sourceTree = "<group>"; };
		32CA4F630368D1EE00C91783 /* RDPPrototype_Prefix.pch */ = {isa = PBXFileReference; fileEncoding = 4; lastKnownFileType = sourcecode.c.h; path = RDPPrototype_Prefix.pch; sourceTree = "<group>"; };
		3E4950D7135F04D300F7FD1C /* GlobalConstants.h */ = {isa = PBXFileReference; fileEncoding = 4; lastKnownFileType = sourcecode.c.h; path = GlobalConstants.h; sourceTree = "<group>"; };
		3E4950F9135F08B600F7FD1C /* GlobalConstants.m */ = {isa = PBXFileReference; fileEncoding = 4; lastKnownFileType = sourcecode.c.objc; path = GlobalConstants.m; sourceTree = "<group>"; };
		3E5582AF12856DE600AB8CDF /* NetworkCommunicator.h */ = {isa = PBXFileReference; fileEncoding = 4; lastKnownFileType = sourcecode.c.h; path = NetworkCommunicator.h; sourceTree = "<group>"; };
		3E5582B012856DE600AB8CDF /* NetworkCommunicator.m */ = {isa = PBXFileReference; fileEncoding = 4; lastKnownFileType = sourcecode.c.objc; path = NetworkCommunicator.m; sourceTree = "<group>"; };
		3E5582C61285700900AB8CDF /* NSStreamAdditions.h */ = {isa = PBXFileReference; fileEncoding = 4; lastKnownFileType = sourcecode.c.h; path = NSStreamAdditions.h; sourceTree = "<group>"; };
		3E5582C71285700900AB8CDF /* NSStreamAdditions.m */ = {isa = PBXFileReference; fileEncoding = 4; lastKnownFileType = sourcecode.c.objc; path = NSStreamAdditions.m; sourceTree = "<group>"; };
		3EF654BC132909A100F00E5E /* tmpresult.jpg */ = {isa = PBXFileReference; lastKnownFileType = image.jpeg; path = tmpresult.jpg; sourceTree = "<group>"; };
		7A1468A01300DD770002F3A2 /* Windows.png */ = {isa = PBXFileReference; lastKnownFileType = image.png; path = Windows.png; sourceTree = "<group>"; };
		7A6C95FE13533F4400862838 /* help back groundt.png */ = {isa = PBXFileReference; lastKnownFileType = image.png; path = "help back groundt.png"; sourceTree = "<group>"; };
		7A829B321352805E00C88F6B /* HelpPage.h */ = {isa = PBXFileReference; fileEncoding = 4; lastKnownFileType = sourcecode.c.h; path = HelpPage.h; sourceTree = "<group>"; };
		7A829B331352805E00C88F6B /* HelpPage.m */ = {isa = PBXFileReference; fileEncoding = 4; lastKnownFileType = sourcecode.c.objc; path = HelpPage.m; sourceTree = "<group>"; };
		7A829B341352805E00C88F6B /* HelpPage.xib */ = {isa = PBXFileReference; lastKnownFileType = file.xib; name = HelpPage.xib; path = Classes/HelpPage.xib; sourceTree = "<group>"; };
		7A8BEC8412E5E44B0064BFBE /* TouchViewController.xib */ = {isa = PBXFileReference; lastKnownFileType = file.xib; path = TouchViewController.xib; sourceTree = "<group>"; };
		7A922C9412FD106A0082D352 /* rotation.png */ = {isa = PBXFileReference; lastKnownFileType = image.png; path = rotation.png; sourceTree = "<group>"; };
		7A922C9612FD10780082D352 /* swipe.png */ = {isa = PBXFileReference; lastKnownFileType = image.png; path = swipe.png; sourceTree = "<group>"; };
		7AAB737013452869003A2A60 /* configurationicon.jpg */ = {isa = PBXFileReference; lastKnownFileType = image.jpeg; path = configurationicon.jpg; sourceTree = "<group>"; };
		7AB4E662135F4A7400EB0B9C /* tap-1.png */ = {isa = PBXFileReference; lastKnownFileType = image.png; path = "tap-1.png"; sourceTree = "<group>"; };
		7AB9F86D13531F9500B71D74 /* core.png */ = {isa = PBXFileReference; lastKnownFileType = image.png; path = core.png; sourceTree = "<group>"; };
		7AB9F86F1353207000B71D74 /* tap.png */ = {isa = PBXFileReference; lastKnownFileType = image.png; path = tap.png; sourceTree = "<group>"; };
		7AB9F8711353277F00B71D74 /* two finger pinch.png */ = {isa = PBXFileReference; lastKnownFileType = image.png; path = "two finger pinch.png"; sourceTree = "<group>"; };
		7AB9F8731353282900B71D74 /* scroll.png */ = {isa = PBXFileReference; lastKnownFileType = image.png; path = scroll.png; sourceTree = "<group>"; };
		7AB9F8751353297B00B71D74 /* optional.png */ = {isa = PBXFileReference; lastKnownFileType = image.png; path = optional.png; sourceTree = "<group>"; };
		7AB9F87713532A0800B71D74 /* Three Finger Swap Horizongtal.png */ = {isa = PBXFileReference; lastKnownFileType = image.png; path = "Three Finger Swap Horizongtal.png"; sourceTree = "<group>"; };
		7AB9F87913532A1700B71D74 /* three finger swip horizongtal.png */ = {isa = PBXFileReference; lastKnownFileType = image.png; path = "three finger swip horizongtal.png"; sourceTree = "<group>"; };
		7AB9F87B13532A2400B71D74 /* three finger swip.png */ = {isa = PBXFileReference; lastKnownFileType = image.png; path = "three finger swip.png"; sourceTree = "<group>"; };
		7AB9F87D13532BD500B71D74 /* Long Press.png */ = {isa = PBXFileReference; lastKnownFileType = image.png; path = "Long Press.png"; sourceTree = "<group>"; };
		7ADD06A21305AD7400D153CC /* ConfigurationModal.h */ = {isa = PBXFileReference; fileEncoding = 4; lastKnownFileType = sourcecode.c.h; path = ConfigurationModal.h; sourceTree = "<group>"; };
		7ADD06A31305AD7400D153CC /* ConfigurationModal.m */ = {isa = PBXFileReference; fileEncoding = 4; lastKnownFileType = sourcecode.c.objc; path = ConfigurationModal.m; sourceTree = "<group>"; };
		7ADD06DB1305B89D00D153CC /* TouchViewController.h */ = {isa = PBXFileReference; fileEncoding = 4; lastKnownFileType = sourcecode.c.h; path = TouchViewController.h; sourceTree = "<group>"; };
		7ADD06DC1305B89D00D153CC /* TouchViewController.m */ = {isa = PBXFileReference; fileEncoding = 4; lastKnownFileType = sourcecode.c.objc; path = TouchViewController.m; sourceTree = "<group>"; };
		7ADD06E31305B8DC00D153CC /* ConfigurationModal.xib */ = {isa = PBXFileReference; lastKnownFileType = file.xib; path = ConfigurationModal.xib; sourceTree = "<group>"; };
		8D1107310486CEB800E47090 /* RDPPrototype-Info.plist */ = {isa = PBXFileReference; fileEncoding = 4; lastKnownFileType = text.plist.xml; path = "RDPPrototype-Info.plist"; plistStructureDefinitionIdentifier = "com.apple.xcode.plist.structure-definition.iphone.info-plist"; sourceTree = "<group>"; };
		F73239F412D1AC860031EB24 /* Microsoft_Silverlight.png */ = {isa = PBXFileReference; lastKnownFileType = image.png; path = Microsoft_Silverlight.png; sourceTree = "<group>"; };
		F7F5E0481285880C0070AE03 /* RDPCore.h */ = {isa = PBXFileReference; fileEncoding = 4; lastKnownFileType = sourcecode.c.h; path = RDPCore.h; sourceTree = "<group>"; };
		F7F5E0491285880C0070AE03 /* RDPCore.m */ = {isa = PBXFileReference; fileEncoding = 4; lastKnownFileType = sourcecode.c.objc; path = RDPCore.m; sourceTree = "<group>"; };
		F7F8C61F12A247A300FC4E29 /* VNCCore.h */ = {isa = PBXFileReference; fileEncoding = 4; lastKnownFileType = sourcecode.c.h; path = VNCCore.h; sourceTree = "<group>"; };
		F7F8C62012A247A300FC4E29 /* VNCCore.m */ = {isa = PBXFileReference; fileEncoding = 4; lastKnownFileType = sourcecode.c.objc; path = VNCCore.m; sourceTree = "<group>"; };
/* End PBXFileReference section */

/* Begin PBXFrameworksBuildPhase section */
		1D60588F0D05DD3D006BFB54 /* Frameworks */ = {
			isa = PBXFrameworksBuildPhase;
			buildActionMask = 2147483647;
			files = (
				1D60589F0D05DD5A006BFB54 /* Foundation.framework in Frameworks */,
				1DF5F4E00D08C38300B7A737 /* UIKit.framework in Frameworks */,
				288765A50DF7441C002DB57D /* CoreGraphics.framework in Frameworks */,
			);
			runOnlyForDeploymentPostprocessing = 0;
		};
/* End PBXFrameworksBuildPhase section */

/* Begin PBXGroup section */
		080E96DDFE201D6D7F000001 /* Classes */ = {
			isa = PBXGroup;
			children = (
				7ADD06DB1305B89D00D153CC /* TouchViewController.h */,
				7ADD06DC1305B89D00D153CC /* TouchViewController.m */,
				1D3623240D0F684500981E51 /* RDPPrototypeAppDelegate.h */,
				1D3623250D0F684500981E51 /* RDPPrototypeAppDelegate.m */,
				28D7ACF60DDB3853001CB0EB /* RDPPrototypeViewController.h */,
				28D7ACF70DDB3853001CB0EB /* RDPPrototypeViewController.m */,
				3E5582AF12856DE600AB8CDF /* NetworkCommunicator.h */,
				3E5582B012856DE600AB8CDF /* NetworkCommunicator.m */,
				3E5582C61285700900AB8CDF /* NSStreamAdditions.h */,
				3E5582C71285700900AB8CDF /* NSStreamAdditions.m */,
				F7F5E0481285880C0070AE03 /* RDPCore.h */,
				F7F5E0491285880C0070AE03 /* RDPCore.m */,
				F7F8C61F12A247A300FC4E29 /* VNCCore.h */,
				F7F8C62012A247A300FC4E29 /* VNCCore.m */,
				7ADD06A21305AD7400D153CC /* ConfigurationModal.h */,
				7ADD06A31305AD7400D153CC /* ConfigurationModal.m */,
				7A829B321352805E00C88F6B /* HelpPage.h */,
				7A829B331352805E00C88F6B /* HelpPage.m */,
				3E4950D7135F04D300F7FD1C /* GlobalConstants.h */,
				3E4950F9135F08B600F7FD1C /* GlobalConstants.m */,
			);
			path = Classes;
			sourceTree = "<group>";
		};
		19C28FACFE9D520D11CA2CBB /* Products */ = {
			isa = PBXGroup;
			children = (
				1D6058910D05DD3D006BFB54 /* RDPPrototype.app */,
			);
			name = Products;
			sourceTree = "<group>";
		};
		29B97314FDCFA39411CA2CEA /* CustomTemplate */ = {
			isa = PBXGroup;
			children = (
				080E96DDFE201D6D7F000001 /* Classes */,
				29B97315FDCFA39411CA2CEA /* Other Sources */,
				29B97317FDCFA39411CA2CEA /* Resources */,
				19C28FACFE9D520D11CA2CBB /* Products */,
			);
			name = CustomTemplate;
			sourceTree = "<group>";
		};
		29B97315FDCFA39411CA2CEA /* Other Sources */ = {
			isa = PBXGroup;
			children = (
				32CA4F630368D1EE00C91783 /* RDPPrototype_Prefix.pch */,
				29B97316FDCFA39411CA2CEA /* main.m */,
			);
			name = "Other Sources";
			sourceTree = "<group>";
		};
		29B97317FDCFA39411CA2CEA /* Resources */ = {
			isa = PBXGroup;
			children = (
				7AB4E662135F4A7400EB0B9C /* tap-1.png */,
				7A6C95FE13533F4400862838 /* help back groundt.png */,
				7AB9F87D13532BD500B71D74 /* Long Press.png */,
				7AB9F87B13532A2400B71D74 /* three finger swip.png */,
				7AB9F87913532A1700B71D74 /* three finger swip horizongtal.png */,
				7AB9F87713532A0800B71D74 /* Three Finger Swap Horizongtal.png */,
				7AB9F8751353297B00B71D74 /* optional.png */,
				7AB9F8731353282900B71D74 /* scroll.png */,
				7AB9F8711353277F00B71D74 /* two finger pinch.png */,
				7AB9F86F1353207000B71D74 /* tap.png */,
				7AB9F86D13531F9500B71D74 /* core.png */,
				7A829B341352805E00C88F6B /* HelpPage.xib */,
				7AAB737013452869003A2A60 /* configurationicon.jpg */,
				7ADD06E31305B8DC00D153CC /* ConfigurationModal.xib */,
				7A1468A01300DD770002F3A2 /* Windows.png */,
				7A922C9612FD10780082D352 /* swipe.png */,
				3EF654BC132909A100F00E5E /* tmpresult.jpg */,
				7A922C9412FD106A0082D352 /* rotation.png */,
				F73239F412D1AC860031EB24 /* Microsoft_Silverlight.png */,
				2899E5210DE3E06400AC0155 /* RDPPrototypeViewController.xib */,
				28AD733E0D9D9553002E5188 /* MainWindow.xib */,
				29B97323FDCFA39411CA2CEA /* Frameworks */,
				8D1107310486CEB800E47090 /* RDPPrototype-Info.plist */,
				7A8BEC8412E5E44B0064BFBE /* TouchViewController.xib */,
			);
			name = Resources;
			sourceTree = "<group>";
		};
		29B97323FDCFA39411CA2CEA /* Frameworks */ = {
			isa = PBXGroup;
			children = (
				1DF5F4DF0D08C38300B7A737 /* UIKit.framework */,
				1D30AB110D05D00D00671497 /* Foundation.framework */,
				288765A40DF7441C002DB57D /* CoreGraphics.framework */,
			);
			name = Frameworks;
			sourceTree = "<group>";
		};
/* End PBXGroup section */

/* Begin PBXNativeTarget section */
		1D6058900D05DD3D006BFB54 /* RDPPrototype */ = {
			isa = PBXNativeTarget;
			buildConfigurationList = 1D6058960D05DD3E006BFB54 /* Build configuration list for PBXNativeTarget "RDPPrototype" */;
			buildPhases = (
				1D60588D0D05DD3D006BFB54 /* Resources */,
				1D60588E0D05DD3D006BFB54 /* Sources */,
				1D60588F0D05DD3D006BFB54 /* Frameworks */,
			);
			buildRules = (
			);
			dependencies = (
			);
			name = RDPPrototype;
			productName = RDPPrototype;
			productReference = 1D6058910D05DD3D006BFB54 /* RDPPrototype.app */;
			productType = "com.apple.product-type.application";
		};
/* End PBXNativeTarget section */

/* Begin PBXProject section */
		29B97313FDCFA39411CA2CEA /* Project object */ = {
			isa = PBXProject;
			buildConfigurationList = C01FCF4E08A954540054247B /* Build configuration list for PBXProject "RDPPrototype" */;
			compatibilityVersion = "Xcode 3.1";
			developmentRegion = English;
			hasScannedForEncodings = 1;
			knownRegions = (
				English,
				Japanese,
				French,
				German,
			);
			mainGroup = 29B97314FDCFA39411CA2CEA /* CustomTemplate */;
			projectDirPath = "";
			projectRoot = "";
			targets = (
				1D6058900D05DD3D006BFB54 /* RDPPrototype */,
			);
		};
/* End PBXProject section */

/* Begin PBXResourcesBuildPhase section */
		1D60588D0D05DD3D006BFB54 /* Resources */ = {
			isa = PBXResourcesBuildPhase;
			buildActionMask = 2147483647;
			files = (
				28AD733F0D9D9553002E5188 /* MainWindow.xib in Resources */,
				2899E5220DE3E06400AC0155 /* RDPPrototypeViewController.xib in Resources */,
				F73239F512D1AC860031EB24 /* Microsoft_Silverlight.png in Resources */,
				7A8BEC8612E5E44B0064BFBE /* TouchViewController.xib in Resources */,
				7A922C9512FD106A0082D352 /* rotation.png in Resources */,
				7A922C9712FD10780082D352 /* swipe.png in Resources */,
				7A1468A11300DD770002F3A2 /* Windows.png in Resources */,
				7ADD06E41305B8DC00D153CC /* ConfigurationModal.xib in Resources */,
				3EF654BD132909A100F00E5E /* tmpresult.jpg in Resources */,
				7AAB737113452869003A2A60 /* configurationicon.jpg in Resources */,
				7A829B361352805E00C88F6B /* HelpPage.xib in Resources */,
				7AB9F86E13531F9500B71D74 /* core.png in Resources */,
				7AB9F8701353207000B71D74 /* tap.png in Resources */,
				7AB9F8721353278000B71D74 /* two finger pinch.png in Resources */,
				7AB9F8741353282900B71D74 /* scroll.png in Resources */,
				7AB9F8761353297B00B71D74 /* optional.png in Resources */,
				7AB9F87813532A0800B71D74 /* Three Finger Swap Horizongtal.png in Resources */,
				7AB9F87A13532A1700B71D74 /* three finger swip horizongtal.png in Resources */,
				7AB9F87C13532A2400B71D74 /* three finger swip.png in Resources */,
				7AB9F87E13532BD500B71D74 /* Long Press.png in Resources */,
				7A6C95FF13533F4400862838 /* help back groundt.png in Resources */,
				7AB4E663135F4A7400EB0B9C /* tap-1.png in Resources */,
			);
			runOnlyForDeploymentPostprocessing = 0;
		};
/* End PBXResourcesBuildPhase section */

/* Begin PBXSourcesBuildPhase section */
		1D60588E0D05DD3D006BFB54 /* Sources */ = {
			isa = PBXSourcesBuildPhase;
			buildActionMask = 2147483647;
			files = (
				1D60589B0D05DD56006BFB54 /* main.m in Sources */,
				1D3623260D0F684500981E51 /* RDPPrototypeAppDelegate.m in Sources */,
				28D7ACF80DDB3853001CB0EB /* RDPPrototypeViewController.m in Sources */,
				3E5582B112856DE600AB8CDF /* NetworkCommunicator.m in Sources */,
				3E5582C81285700900AB8CDF /* NSStreamAdditions.m in Sources */,
				F7F5E04A1285880C0070AE03 /* RDPCore.m in Sources */,
				F7F8C62112A247A300FC4E29 /* VNCCore.m in Sources */,
				7ADD06A51305AD7400D153CC /* ConfigurationModal.m in Sources */,
				7ADD06DD1305B89D00D153CC /* TouchViewController.m in Sources */,
				7A829B351352805E00C88F6B /* HelpPage.m in Sources */,
				3E4950FA135F08B600F7FD1C /* GlobalConstants.m in Sources */,
			);
			runOnlyForDeploymentPostprocessing = 0;
		};
/* End PBXSourcesBuildPhase section */

/* Begin XCBuildConfiguration section */
		1D6058940D05DD3E006BFB54 /* Debug */ = {
			isa = XCBuildConfiguration;
			buildSettings = {
				ALWAYS_SEARCH_USER_PATHS = NO;
				COPY_PHASE_STRIP = NO;
				GCC_DYNAMIC_NO_PIC = NO;
				GCC_OPTIMIZATION_LEVEL = 0;
				GCC_PRECOMPILE_PREFIX_HEADER = YES;
				GCC_PREFIX_HEADER = RDPPrototype_Prefix.pch;
				INFOPLIST_FILE = "RDPPrototype-Info.plist";
				PRODUCT_NAME = RDPPrototype;
			};
			name = Debug;
		};
		1D6058950D05DD3E006BFB54 /* Release */ = {
			isa = XCBuildConfiguration;
			buildSettings = {
				ALWAYS_SEARCH_USER_PATHS = NO;
				COPY_PHASE_STRIP = YES;
				GCC_PRECOMPILE_PREFIX_HEADER = YES;
				GCC_PREFIX_HEADER = RDPPrototype_Prefix.pch;
				INFOPLIST_FILE = "RDPPrototype-Info.plist";
				PRODUCT_NAME = RDPPrototype;
				VALIDATE_PRODUCT = YES;
			};
			name = Release;
		};
		C01FCF4F08A954540054247B /* Debug */ = {
			isa = XCBuildConfiguration;
			buildSettings = {
				ARCHS = "$(ARCHS_STANDARD_32_BIT)";
				"CODE_SIGN_IDENTITY[sdk=iphoneos*]" = "iPhone Developer: YU JIANG (AKE8B89K2V)";
				GCC_C_LANGUAGE_STANDARD = c99;
				GCC_WARN_ABOUT_RETURN_TYPE = YES;
				GCC_WARN_UNUSED_VARIABLE = YES;
				IPHONEOS_DEPLOYMENT_TARGET = 4.2;
				PREBINDING = NO;
				SDKROOT = iphonesimulator;
				TARGETED_DEVICE_FAMILY = 2;
			};
			name = Debug;
		};
		C01FCF5008A954540054247B /* Release */ = {
			isa = XCBuildConfiguration;
			buildSettings = {
				ARCHS = "$(ARCHS_UNIVERSAL_IPHONE_OS)";
				"CODE_SIGN_IDENTITY[sdk=iphoneos*]" = "iPhone Developer";
				GCC_C_LANGUAGE_STANDARD = c99;
				GCC_WARN_ABOUT_RETURN_TYPE = YES;
				GCC_WARN_UNUSED_VARIABLE = YES;
				OTHER_CFLAGS = "-DNS_BLOCK_ASSERTIONS=1";
				PREBINDING = NO;
				SDKROOT = iphoneos3.2;
				TARGETED_DEVICE_FAMILY = 2;
			};
			name = Release;
		};
/* End XCBuildConfiguration section */

/* Begin XCConfigurationList section */
		1D6058960D05DD3E006BFB54 /* Build configuration list for PBXNativeTarget "RDPPrototype" */ = {
			isa = XCConfigurationList;
			buildConfigurations = (
				1D6058940D05DD3E006BFB54 /* Debug */,
				1D6058950D05DD3E006BFB54 /* Release */,
			);
			defaultConfigurationIsVisible = 0;
			defaultConfigurationName = Release;
		};
		C01FCF4E08A954540054247B /* Build configuration list for PBXProject "RDPPrototype" */ = {
			isa = XCConfigurationList;
			buildConfigurations = (
				C01FCF4F08A954540054247B /* Debug */,
				C01FCF5008A954540054247B /* Release */,
			);
			defaultConfigurationIsVisible = 0;
			defaultConfigurationName = Release;
		};
/* End XCConfigurationList section */
	};
	rootObject = 29B97313FDCFA39411CA2CEA /* Project object */;
}
